
Microsoft Visual Studio Solution File, Format Version 12.00
# Visual Studio Version 17
VisualStudioVersion = 17.9.34701.34
MinimumVisualStudioVersion = 10.0.40219.1
Project("{FAE04EC0-301F-11D3-BF4B-00C04F79EFBC}") = "Inheritance", "Inheritance.csproj", "{ACB569B5-CCB4-446F-B1FE-0F002AF10B49}"
EndProject
Global
	GlobalSection(SolutionConfigurationPlatforms) = preSolution
		Debug|Any CPU = Debug|Any CPU
		Release|Any CPU = Release|Any CPU
	EndGlobalSection
	GlobalSection(ProjectConfigurationPlatforms) = postSolution
		{ACB569B5-CCB4-446F-B1FE-0F002AF10B49}.Debug|Any CPU.ActiveCfg = Debug|Any CPU
		{ACB569B5-CCB4-446F-B1FE-0F002AF10B49}.Debug|Any CPU.Build.0 = Debug|Any CPU
		{ACB569B5-CCB4-446F-B1FE-0F002AF10B49}.Release|Any CPU.ActiveCfg = Release|Any CPU
		{ACB569B5-CCB4-446F-B1FE-0F002AF10B49}.Release|Any CPU.Build.0 = Release|Any CPU
	EndGlobalSection
	GlobalSection(SolutionProperties) = preSolution
		HideSolutionNode = FALSE
	EndGlobalSection
	GlobalSection(ExtensibilityGlobals) = postSolution
		SolutionGuid = {D60E0D2B-61DD-41F4-B3CE-3ED2EFDB5DDC}
	EndGlobalSection
EndGlobal
